
Microsoft Visual Studio Solution File, Format Version 9.00
# Visual Studio 2005
Project("{FAE04EC0-301F-11D3-BF4B-00C04F79EFBC}") = "sample", "sample\sample.csproj", "{612BB6BD-B5DC-421F-A24B-E0A79F40123C}"
EndProject
Global
	GlobalSection(SolutionConfigurationPlatforms) = preSolution
		Debug|Any CPU = Debug|Any CPU
		Release|Any CPU = Release|Any CPU
	EndGlobalSection
	GlobalSection(ProjectConfigurationPlatforms) = postSolution
		{612BB6BD-B5DC-421F-A24B-E0A79F40123C}.Debug|Any CPU.ActiveCfg = Debug|Any CPU
		{612BB6BD-B5DC-421F-A24B-E0A79F40123C}.Debug|Any CPU.Build.0 = Debug|Any CPU
		{612BB6BD-B5DC-421F-A24B-E0A79F40123C}.Release|Any CPU.ActiveCfg = Release|Any CPU
		{612BB6BD-B5DC-421F-A24B-E0A79F40123C}.Release|Any CPU.Build.0 = Release|Any CPU
	EndGlobalSection
	GlobalSection(SolutionProperties) = preSolution
		HideSolutionNode = FALSE
	EndGlobalSection
EndGlobal
