Microsoft Visual Studio Solution File, Format Version 8.00
Project("{8BC9CEB8-8B4A-11D0-8D11-00A0C91BC942}") = "sample_vc", "sample_vc.vcproj", "{281EB32D-580E-497F-A5BA-CE623E7D544E}"
	ProjectSection(ProjectDependencies) = postProject
	EndProjectSection
EndProject
Global
	GlobalSection(SolutionConfiguration) = preSolution
		Debug = Debug
		Release = Release
	EndGlobalSection
	GlobalSection(ProjectConfiguration) = postSolution
		{281EB32D-580E-497F-A5BA-CE623E7D544E}.Debug.ActiveCfg = Debug|Win32
		{281EB32D-580E-497F-A5BA-CE623E7D544E}.Debug.Build.0 = Debug|Win32
		{281EB32D-580E-497F-A5BA-CE623E7D544E}.Release.ActiveCfg = Release|Win32
		{281EB32D-580E-497F-A5BA-CE623E7D544E}.Release.Build.0 = Release|Win32
	EndGlobalSection
	GlobalSection(ExtensibilityGlobals) = postSolution
	EndGlobalSection
	GlobalSection(ExtensibilityAddIns) = postSolution
	EndGlobalSection
EndGlobal
